
Microsoft Visual Studio Solution File, Format Version 12.00
# Visual Studio Version 17
VisualStudioVersion = 17.5.002.0
MinimumVisualStudioVersion = 10.0.40219.1
Project("{9A19103F-16F7-4668-BE54-9A1E7A4F7556}") = "RetrieveUserInfoAPI", "RetrieveUserInfoAPI.csproj", "{5FD59716-3FE3-46B4-8675-C562FD5A5EDD}"
EndProject
Global
	GlobalSection(SolutionConfigurationPlatforms) = preSolution
		Debug|Any CPU = Debug|Any CPU
		Release|Any CPU = Release|Any CPU
	EndGlobalSection
	GlobalSection(ProjectConfigurationPlatforms) = postSolution
		{5FD59716-3FE3-46B4-8675-C562FD5A5EDD}.Debug|Any CPU.ActiveCfg = Debug|Any CPU
		{5FD59716-3FE3-46B4-8675-C562FD5A5EDD}.Debug|Any CPU.Build.0 = Debug|Any CPU
		{5FD59716-3FE3-46B4-8675-C562FD5A5EDD}.Release|Any CPU.ActiveCfg = Release|Any CPU
		{5FD59716-3FE3-46B4-8675-C562FD5A5EDD}.Release|Any CPU.Build.0 = Release|Any CPU
	EndGlobalSection
	GlobalSection(SolutionProperties) = preSolution
		HideSolutionNode = FALSE
	EndGlobalSection
	GlobalSection(ExtensibilityGlobals) = postSolution
		SolutionGuid = {3D519464-6E29-45C2-AA44-2D5324B081B6}
	EndGlobalSection
EndGlobal
